<?xml version="1.0" encoding="utf-8"?>
<Project ToolsVersion="4.0" xmlns="http://schemas.microsoft.com/developer/msbuild/2003">
  <ItemGroup>
    <Filter Include="Source Files">
      <UniqueIdentifier>{4FC737F1-C7A5-4376-A066-2A32D752A2FF}</UniqueIdentifier>
      <Extensions>cpp;c;cc;cxx;def;odl;idl;hpj;bat;asm;asmx</Extensions>
    </Filter>
    <Filter Include="Header Files">
      <UniqueIdentifier>{93995380-89BD-4b04-88EB-625FBE52EBFB}</UniqueIdentifier>
      <Extensions>h;hpp;hxx;hm;inl;inc;xsd</Extensions>
    </Filter>
    <Filter Include="Resource Files">
      <UniqueIdentifier>{67DA6AB6-F800-4c08-8B7A-83BB121AAD01}</UniqueIdentifier>
      <Extensions>rc;ico;cur;bmp;dlg;rc2;rct;bin;rgs;gif;jpg;jpeg;jpe;resx;tiff;tif;png;wav</Extensions>
    </Filter>
    <Filter Include="parsing">
      <UniqueIdentifier>{6a1043b3-58f7-4d7a-b238-e51d639ab69a}</UniqueIdentifier>
    </Filter>
    <Filter Include="game">
      <UniqueIdentifier>{50762886-89a5-40be-b3bf-1b3dd34153c0}</UniqueIdentifier>
    </Filter>
    <Filter Include="algorithm">
      <UniqueIdentifier>{04bb7680-29ed-494d-8f4a-177fcf5d33be}</UniqueIdentifier>
    </Filter>
  </ItemGroup>
  <ItemGroup>
    <ClCompile Include="GameResultsDialog.cpp">
      <Filter>Source Files</Filter>
    </ClCompile>
    <ClCompile Include="MathEdit.cpp">
      <Filter>Source Files</Filter>
    </ClCompile>
    <ClCompile Include="stdafx.cpp">
      <Filter>Source Files</Filter>
    </ClCompile>
    <ClCompile Include="TargetNumberGame.cpp">
      <Filter>Source Files</Filter>
    </ClCompile>
    <ClCompile Include="TargetNumberGameDlg.cpp">
      <Filter>Source Files</Filter>
    </ClCompile>
    <ClCompile Include="parsing\Parsing.cpp">
      <Filter>parsing</Filter>
    </ClCompile>
    <ClCompile Include="game\Game.cpp">
      <Filter>game</Filter>
    </ClCompile>
    <ClCompile Include="algorithm\TNG.cpp">
      <Filter>algorithm</Filter>
    </ClCompile>
  </ItemGroup>
  <ItemGroup>
    <ClInclude Include="GameResultsDialog.h">
      <Filter>Header Files</Filter>
    </ClInclude>
    <ClInclude Include="MathEdit.h">
      <Filter>Header Files</Filter>
    </ClInclude>
    <ClInclude Include="Resource.h">
      <Filter>Header Files</Filter>
    </ClInclude>
    <ClInclude Include="stdafx.h">
      <Filter>Header Files</Filter>
    </ClInclude>
    <ClInclude Include="TargetNumberGame.h">
      <Filter>Header Files</Filter>
    </ClInclude>
    <ClInclude Include="TargetNumberGameDlg.h">
      <Filter>Header Files</Filter>
    </ClInclude>
    <ClInclude Include="targetver.h">
      <Filter>Header Files</Filter>
    </ClInclude>
    <ClInclude Include="parsing\Parsing.h">
      <Filter>parsing</Filter>
    </ClInclude>
    <ClInclude Include="game\Game.h">
      <Filter>game</Filter>
    </ClInclude>
    <ClInclude Include="algorithm\TNG.h">
      <Filter>algorithm</Filter>
    </ClInclude>
  </ItemGroup>
  <ItemGroup>
    <None Include="res\TargetNumberGame.ico">
      <Filter>Resource Files</Filter>
    </None>
    <None Include="res\TargetNumberGame.rc2">
      <Filter>Resource Files</Filter>
    </None>
  </ItemGroup>
  <ItemGroup>
    <ResourceCompile Include="TargetNumberGame.rc">
      <Filter>Resource Files</Filter>
    </ResourceCompile>
  </ItemGroup>
</Project>